
Microsoft Visual Studio Solution File, Format Version 12.00
# Visual Studio Version 16
VisualStudioVersion = 16.0.30204.135
MinimumVisualStudioVersion = 10.0.40219.1
Project("{FAE04EC0-301F-11D3-BF4B-00C04F79EFBC}") = "ProyectoFinal", "ProyectoFinal\ProyectoFinal.csproj", "{1FD550BB-3DEB-4619-BE3D-0DCA15929A37}"
EndProject
Global
	GlobalSection(SolutionConfigurationPlatforms) = preSolution
		Debug|Any CPU = Debug|Any CPU
		Release|Any CPU = Release|Any CPU
	EndGlobalSection
	GlobalSection(ProjectConfigurationPlatforms) = postSolution
		{1FD550BB-3DEB-4619-BE3D-0DCA15929A37}.Debug|Any CPU.ActiveCfg = Debug|Any CPU
		{1FD550BB-3DEB-4619-BE3D-0DCA15929A37}.Debug|Any CPU.Build.0 = Debug|Any CPU
		{1FD550BB-3DEB-4619-BE3D-0DCA15929A37}.Release|Any CPU.ActiveCfg = Release|Any CPU
		{1FD550BB-3DEB-4619-BE3D-0DCA15929A37}.Release|Any CPU.Build.0 = Release|Any CPU
	EndGlobalSection
	GlobalSection(SolutionProperties) = preSolution
		HideSolutionNode = FALSE
	EndGlobalSection
	GlobalSection(ExtensibilityGlobals) = postSolution
		SolutionGuid = {F3C41EAD-AFD2-4356-A2E1-46D9D041D8D6}
	EndGlobalSection
EndGlobal
